
Microsoft Visual Studio Solution File, Format Version 12.00
# Visual Studio Version 16
VisualStudioVersion = 16.0.28729.10
MinimumVisualStudioVersion = 10.0.40219.1
Project("{FAE04EC0-301F-11D3-BF4B-00C04F79EFBC}") = "lab6", "lab6\lab6.csproj", "{4B3F4FBA-B85B-440C-A917-21682A9BF9CB}"
EndProject
Global
	GlobalSection(SolutionConfigurationPlatforms) = preSolution
		Debug|Any CPU = Debug|Any CPU
		Release|Any CPU = Release|Any CPU
	EndGlobalSection
	GlobalSection(ProjectConfigurationPlatforms) = postSolution
		{4B3F4FBA-B85B-440C-A917-21682A9BF9CB}.Debug|Any CPU.ActiveCfg = Debug|Any CPU
		{4B3F4FBA-B85B-440C-A917-21682A9BF9CB}.Debug|Any CPU.Build.0 = Debug|Any CPU
		{4B3F4FBA-B85B-440C-A917-21682A9BF9CB}.Release|Any CPU.ActiveCfg = Release|Any CPU
		{4B3F4FBA-B85B-440C-A917-21682A9BF9CB}.Release|Any CPU.Build.0 = Release|Any CPU
	EndGlobalSection
	GlobalSection(SolutionProperties) = preSolution
		HideSolutionNode = FALSE
	EndGlobalSection
	GlobalSection(ExtensibilityGlobals) = postSolution
		SolutionGuid = {1F216E93-C558-4558-B9FC-17ABC20D4A82}
	EndGlobalSection
EndGlobal
